
Microsoft Visual Studio Solution File, Format Version 12.00
# Visual Studio Version 17
VisualStudioVersion = 17.10.35122.118
MinimumVisualStudioVersion = 10.0.40219.1
Project("{FAE04EC0-301F-11D3-BF4B-00C04F79EFBC}") = "ForLoop", "ForLoop\ForLoop.csproj", "{BC5ECFF4-0232-4CF6-8C23-49D11A411EE8}"
EndProject
Global
	GlobalSection(SolutionConfigurationPlatforms) = preSolution
		Debug|Any CPU = Debug|Any CPU
		Release|Any CPU = Release|Any CPU
	EndGlobalSection
	GlobalSection(ProjectConfigurationPlatforms) = postSolution
		{BC5ECFF4-0232-4CF6-8C23-49D11A411EE8}.Debug|Any CPU.ActiveCfg = Debug|Any CPU
		{BC5ECFF4-0232-4CF6-8C23-49D11A411EE8}.Debug|Any CPU.Build.0 = Debug|Any CPU
		{BC5ECFF4-0232-4CF6-8C23-49D11A411EE8}.Release|Any CPU.ActiveCfg = Release|Any CPU
		{BC5ECFF4-0232-4CF6-8C23-49D11A411EE8}.Release|Any CPU.Build.0 = Release|Any CPU
	EndGlobalSection
	GlobalSection(SolutionProperties) = preSolution
		HideSolutionNode = FALSE
	EndGlobalSection
	GlobalSection(ExtensibilityGlobals) = postSolution
		SolutionGuid = {2C340DD6-64E9-40CA-BBE7-25147689E29D}
	EndGlobalSection
EndGlobal
